
Microsoft Visual Studio Solution File, Format Version 12.00
# Visual Studio Version 17
VisualStudioVersion = 17.5.2.0
MinimumVisualStudioVersion = 10.0.40219.1
Project("{2150E333-8FDC-42A3-9474-1A3956D46DE8}") = "backend", "backend", "{1AE8ACA6-933B-BF2A-3671-3E2EAC007D16}"
EndProject
Project("{FAE04EC0-301F-11D3-BF4B-00C04F79EFBC}") = "NextStep", "backend\NextStep.csproj", "{4D74BC87-CBE0-A0DA-4D1D-DF30E68377DB}"
EndProject
Project("{2150E333-8FDC-42A3-9474-1A3956D46DE8}") = "tests", "tests", "{F57642F3-C37C-D174-720E-6A6AAD5BEE22}"
EndProject
Project("{FAE04EC0-301F-11D3-BF4B-00C04F79EFBC}") = "NextStep.Tests", "backend\tests\NextStep.Tests.csproj", "{BDC90A7E-FFA4-4841-AD21-8AEA6F476859}"
EndProject
Global
	GlobalSection(SolutionConfigurationPlatforms) = preSolution
		Debug|Any CPU = Debug|Any CPU
		Debug|x64 = Debug|x64
		Debug|x86 = Debug|x86
		Release|Any CPU = Release|Any CPU
		Release|x64 = Release|x64
		Release|x86 = Release|x86
	EndGlobalSection
	GlobalSection(ProjectConfigurationPlatforms) = postSolution
		{4D74BC87-CBE0-A0DA-4D1D-DF30E68377DB}.Debug|Any CPU.ActiveCfg = Debug|Any CPU
		{4D74BC87-CBE0-A0DA-4D1D-DF30E68377DB}.Debug|Any CPU.Build.0 = Debug|Any CPU
		{4D74BC87-CBE0-A0DA-4D1D-DF30E68377DB}.Debug|x64.ActiveCfg = Debug|Any CPU
		{4D74BC87-CBE0-A0DA-4D1D-DF30E68377DB}.Debug|x64.Build.0 = Debug|Any CPU
		{4D74BC87-CBE0-A0DA-4D1D-DF30E68377DB}.Debug|x86.ActiveCfg = Debug|Any CPU
		{4D74BC87-CBE0-A0DA-4D1D-DF30E68377DB}.Debug|x86.Build.0 = Debug|Any CPU
		{4D74BC87-CBE0-A0DA-4D1D-DF30E68377DB}.Release|Any CPU.ActiveCfg = Release|Any CPU
		{4D74BC87-CBE0-A0DA-4D1D-DF30E68377DB}.Release|Any CPU.Build.0 = Release|Any CPU
		{4D74BC87-CBE0-A0DA-4D1D-DF30E68377DB}.Release|x64.ActiveCfg = Release|Any CPU
		{4D74BC87-CBE0-A0DA-4D1D-DF30E68377DB}.Release|x64.Build.0 = Release|Any CPU
		{4D74BC87-CBE0-A0DA-4D1D-DF30E68377DB}.Release|x86.ActiveCfg = Release|Any CPU
		{4D74BC87-CBE0-A0DA-4D1D-DF30E68377DB}.Release|x86.Build.0 = Release|Any CPU
		{BDC90A7E-FFA4-4841-AD21-8AEA6F476859}.Debug|Any CPU.ActiveCfg = Debug|Any CPU
		{BDC90A7E-FFA4-4841-AD21-8AEA6F476859}.Debug|Any CPU.Build.0 = Debug|Any CPU
		{BDC90A7E-FFA4-4841-AD21-8AEA6F476859}.Debug|x64.ActiveCfg = Debug|Any CPU
		{BDC90A7E-FFA4-4841-AD21-8AEA6F476859}.Debug|x64.Build.0 = Debug|Any CPU
		{BDC90A7E-FFA4-4841-AD21-8AEA6F476859}.Debug|x86.ActiveCfg = Debug|Any CPU
		{BDC90A7E-FFA4-4841-AD21-8AEA6F476859}.Debug|x86.Build.0 = Debug|Any CPU
		{BDC90A7E-FFA4-4841-AD21-8AEA6F476859}.Release|Any CPU.ActiveCfg = Release|Any CPU
		{BDC90A7E-FFA4-4841-AD21-8AEA6F476859}.Release|Any CPU.Build.0 = Release|Any CPU
		{BDC90A7E-FFA4-4841-AD21-8AEA6F476859}.Release|x64.ActiveCfg = Release|Any CPU
		{BDC90A7E-FFA4-4841-AD21-8AEA6F476859}.Release|x64.Build.0 = Release|Any CPU
		{BDC90A7E-FFA4-4841-AD21-8AEA6F476859}.Release|x86.ActiveCfg = Release|Any CPU
		{BDC90A7E-FFA4-4841-AD21-8AEA6F476859}.Release|x86.Build.0 = Release|Any CPU
	EndGlobalSection
	GlobalSection(SolutionProperties) = preSolution
		HideSolutionNode = FALSE
	EndGlobalSection
	GlobalSection(NestedProjects) = preSolution
		{4D74BC87-CBE0-A0DA-4D1D-DF30E68377DB} = {1AE8ACA6-933B-BF2A-3671-3E2EAC007D16}
		{F57642F3-C37C-D174-720E-6A6AAD5BEE22} = {1AE8ACA6-933B-BF2A-3671-3E2EAC007D16}
		{BDC90A7E-FFA4-4841-AD21-8AEA6F476859} = {F57642F3-C37C-D174-720E-6A6AAD5BEE22}
	EndGlobalSection
	GlobalSection(ExtensibilityGlobals) = postSolution
		SolutionGuid = {C248C96B-20E6-41B0-AAA3-4C034CD39C3C}
	EndGlobalSection
EndGlobal
